<?xml version="1.0" encoding="utf-8"?>
<Project ToolsVersion="4.0" xmlns="http://schemas.microsoft.com/developer/msbuild/2003">
  <ItemGroup>
    <ClCompile Include="src\ofApp.cpp">
      <Filter>src</Filter>
    </ClCompile>
    <ClCompile Include="src\main.cpp">
      <Filter>src</Filter>
    </ClCompile>
    <ClCompile Include="..\..\..\addons\ofxArtnet\src\ofxArtnet.cpp">
      <Filter>addons\ofxArtnet\src</Filter>
    </ClCompile>
    <ClCompile Include="..\..\..\addons\ofxArtnet\libs\artnet\artnet.c">
      <Filter>addons\ofxArtnet\libs\artnet</Filter>
    </ClCompile>
    <ClCompile Include="..\..\..\addons\ofxArtnet\libs\artnet\misc.c">
      <Filter>addons\ofxArtnet\libs\artnet</Filter>
    </ClCompile>
    <ClCompile Include="..\..\..\addons\ofxArtnet\libs\artnet\network.c">
      <Filter>addons\ofxArtnet\libs\artnet</Filter>
    </ClCompile>
    <ClCompile Include="..\..\..\addons\ofxArtnet\libs\artnet\receive.c">
      <Filter>addons\ofxArtnet\libs\artnet</Filter>
    </ClCompile>
    <ClCompile Include="..\..\..\addons\ofxArtnet\libs\artnet\tod.c">
      <Filter>addons\ofxArtnet\libs\artnet</Filter>
    </ClCompile>
    <ClCompile Include="..\..\..\addons\ofxArtnet\libs\artnet\transmit.c">
      <Filter>addons\ofxArtnet\libs\artnet</Filter>
    </ClCompile>
    <ClCompile Include="..\..\..\addons\ofxGui\src\ofxBaseGui.cpp">
      <Filter>addons\ofxGui\src</Filter>
    </ClCompile>
    <ClCompile Include="..\..\..\addons\ofxGui\src\ofxButton.cpp">
      <Filter>addons\ofxGui\src</Filter>
    </ClCompile>
    <ClCompile Include="..\..\..\addons\ofxGui\src\ofxGuiGroup.cpp">
      <Filter>addons\ofxGui\src</Filter>
    </ClCompile>
    <ClCompile Include="..\..\..\addons\ofxGui\src\ofxLabel.cpp">
      <Filter>addons\ofxGui\src</Filter>
    </ClCompile>
    <ClCompile Include="..\..\..\addons\ofxGui\src\ofxPanel.cpp">
      <Filter>addons\ofxGui\src</Filter>
    </ClCompile>
    <ClCompile Include="..\..\..\addons\ofxGui\src\ofxSlider.cpp">
      <Filter>addons\ofxGui\src</Filter>
    </ClCompile>
    <ClCompile Include="..\..\..\addons\ofxGui\src\ofxSliderGroup.cpp">
      <Filter>addons\ofxGui\src</Filter>
    </ClCompile>
    <ClCompile Include="..\..\..\addons\ofxGui\src\ofxToggle.cpp">
      <Filter>addons\ofxGui\src</Filter>
    </ClCompile>
  </ItemGroup>
  <ItemGroup>
    <Filter Include="src">
      <UniqueIdentifier>{d8376475-7454-4a24-b08a-aac121d3ad6f}</UniqueIdentifier>
    </Filter>
    <Filter Include="addons">
      <UniqueIdentifier>{71834f65-f3a9-211e-73b8-dc8563776aec}</UniqueIdentifier>
    </Filter>
    <Filter Include="addons\ofxArtnet">
      <UniqueIdentifier>{1f6cc159-95b3-e637-8bc3-d88375f261c9}</UniqueIdentifier>
    </Filter>
    <Filter Include="addons\ofxArtnet\src">
      <UniqueIdentifier>{00f3d8af-fc0d-a159-c905-621131728a6d}</UniqueIdentifier>
    </Filter>
    <Filter Include="addons\ofxArtnet\libs">
      <UniqueIdentifier>{24fda2b0-e3a6-869c-3a63-797d8282ab6b}</UniqueIdentifier>
    </Filter>
    <Filter Include="addons\ofxArtnet\libs\artnet">
      <UniqueIdentifier>{ffca0b30-f90b-63f9-ba8d-f94496a7b90c}</UniqueIdentifier>
    </Filter>
    <Filter Include="addons\ofxGui">
      <UniqueIdentifier>{b4f1e27d-0130-4f59-ab50-220fdde93c64}</UniqueIdentifier>
    </Filter>
    <Filter Include="addons\ofxGui\src">
      <UniqueIdentifier>{74a595a5-35c8-4bef-9f3e-53a56530475e}</UniqueIdentifier>
    </Filter>
  </ItemGroup>
  <ItemGroup>
    <ClInclude Include="src\ofApp.h">
      <Filter>src</Filter>
    </ClInclude>
    <ClInclude Include="..\..\..\addons\ofxArtnet\src\ofxArtnet.h">
      <Filter>addons\ofxArtnet\src</Filter>
    </ClInclude>
    <ClInclude Include="..\..\..\addons\ofxArtnet\libs\artnet\artnet.h">
      <Filter>addons\ofxArtnet\libs\artnet</Filter>
    </ClInclude>
    <ClInclude Include="..\..\..\addons\ofxArtnet\libs\artnet\common.h">
      <Filter>addons\ofxArtnet\libs\artnet</Filter>
    </ClInclude>
    <ClInclude Include="..\..\..\addons\ofxArtnet\libs\artnet\misc.h">
      <Filter>addons\ofxArtnet\libs\artnet</Filter>
    </ClInclude>
    <ClInclude Include="..\..\..\addons\ofxArtnet\libs\artnet\packets.h">
      <Filter>addons\ofxArtnet\libs\artnet</Filter>
    </ClInclude>
    <ClInclude Include="..\..\..\addons\ofxArtnet\libs\artnet\private.h">
      <Filter>addons\ofxArtnet\libs\artnet</Filter>
    </ClInclude>
    <ClInclude Include="..\..\..\addons\ofxArtnet\libs\artnet\tod.h">
      <Filter>addons\ofxArtnet\libs\artnet</Filter>
    </ClInclude>
    <ClInclude Include="..\..\..\addons\ofxGui\src\ofxBaseGui.h">
      <Filter>addons\ofxGui\src</Filter>
    </ClInclude>
    <ClInclude Include="..\..\..\addons\ofxGui\src\ofxButton.h">
      <Filter>addons\ofxGui\src</Filter>
    </ClInclude>
    <ClInclude Include="..\..\..\addons\ofxGui\src\ofxGui.h">
      <Filter>addons\ofxGui\src</Filter>
    </ClInclude>
    <ClInclude Include="..\..\..\addons\ofxGui\src\ofxGuiGroup.h">
      <Filter>addons\ofxGui\src</Filter>
    </ClInclude>
    <ClInclude Include="..\..\..\addons\ofxGui\src\ofxLabel.h">
      <Filter>addons\ofxGui\src</Filter>
    </ClInclude>
    <ClInclude Include="..\..\..\addons\ofxGui\src\ofxPanel.h">
      <Filter>addons\ofxGui\src</Filter>
    </ClInclude>
    <ClInclude Include="..\..\..\addons\ofxGui\src\ofxSlider.h">
      <Filter>addons\ofxGui\src</Filter>
    </ClInclude>
    <ClInclude Include="..\..\..\addons\ofxGui\src\ofxSliderGroup.h">
      <Filter>addons\ofxGui\src</Filter>
    </ClInclude>
    <ClInclude Include="..\..\..\addons\ofxGui\src\ofxToggle.h">
      <Filter>addons\ofxGui\src</Filter>
    </ClInclude>
  </ItemGroup>
</Project>